
Microsoft Visual Studio Solution File, Format Version 12.00
# Visual Studio Version 17
VisualStudioVersion = 17.0.32014.148
MinimumVisualStudioVersion = 10.0.40219.1
Project("{9A19103F-16F7-4668-BE54-9A1E7A4F7556}") = "InstagramClone.Api", "InstagramClone.Api\InstagramClone.Api.csproj", "{938F7B82-B7BA-476A-9FA7-71C67070EFB3}"
EndProject
Project("{9A19103F-16F7-4668-BE54-9A1E7A4F7556}") = "InstagramClone.Application", "InstagramClone.Application\InstagramClone.Application.csproj", "{564C0BE3-C4DE-44DA-B901-ADCDAB4BA837}"
EndProject
Project("{9A19103F-16F7-4668-BE54-9A1E7A4F7556}") = "InstagramClone.Domain", "InstagramClone.Domain\InstagramClone.Domain.csproj", "{E4DD38D0-99DA-4343-80DF-BF744C5FFF26}"
EndProject
Project("{9A19103F-16F7-4668-BE54-9A1E7A4F7556}") = "InstagramClone.Infrastructure", "InstagramClone.Infrastructure\InstagramClone.Infrastructure.csproj", "{BCCC15E8-4FDD-43F1-AACA-624102AFA58D}"
EndProject
Project("{E53339B2-1760-4266-BCC7-CA923CBCF16C}") = "docker-compose", "docker-compose.dcproj", "{970F4B00-9BEC-4F20-9A03-64B88CBDB72F}"
EndProject
Project("{9A19103F-16F7-4668-BE54-9A1E7A4F7556}") = "InstagramClone.EmailSender", "InstagramClone.EmailSender\InstagramClone.EmailSender.csproj", "{E4F90F04-F343-426C-9BF0-46170D40E50F}"
	ProjectSection(ProjectDependencies) = postProject
		{E4DD38D0-99DA-4343-80DF-BF744C5FFF26} = {E4DD38D0-99DA-4343-80DF-BF744C5FFF26}
		{564C0BE3-C4DE-44DA-B901-ADCDAB4BA837} = {564C0BE3-C4DE-44DA-B901-ADCDAB4BA837}
	EndProjectSection
EndProject
Global
	GlobalSection(SolutionConfigurationPlatforms) = preSolution
		Debug|Any CPU = Debug|Any CPU
		Release|Any CPU = Release|Any CPU
	EndGlobalSection
	GlobalSection(ProjectConfigurationPlatforms) = postSolution
		{938F7B82-B7BA-476A-9FA7-71C67070EFB3}.Debug|Any CPU.ActiveCfg = Debug|Any CPU
		{938F7B82-B7BA-476A-9FA7-71C67070EFB3}.Debug|Any CPU.Build.0 = Debug|Any CPU
		{938F7B82-B7BA-476A-9FA7-71C67070EFB3}.Release|Any CPU.ActiveCfg = Release|Any CPU
		{938F7B82-B7BA-476A-9FA7-71C67070EFB3}.Release|Any CPU.Build.0 = Release|Any CPU
		{564C0BE3-C4DE-44DA-B901-ADCDAB4BA837}.Debug|Any CPU.ActiveCfg = Debug|Any CPU
		{564C0BE3-C4DE-44DA-B901-ADCDAB4BA837}.Debug|Any CPU.Build.0 = Debug|Any CPU
		{564C0BE3-C4DE-44DA-B901-ADCDAB4BA837}.Release|Any CPU.ActiveCfg = Release|Any CPU
		{564C0BE3-C4DE-44DA-B901-ADCDAB4BA837}.Release|Any CPU.Build.0 = Release|Any CPU
		{E4DD38D0-99DA-4343-80DF-BF744C5FFF26}.Debug|Any CPU.ActiveCfg = Debug|Any CPU
		{E4DD38D0-99DA-4343-80DF-BF744C5FFF26}.Debug|Any CPU.Build.0 = Debug|Any CPU
		{E4DD38D0-99DA-4343-80DF-BF744C5FFF26}.Release|Any CPU.ActiveCfg = Release|Any CPU
		{E4DD38D0-99DA-4343-80DF-BF744C5FFF26}.Release|Any CPU.Build.0 = Release|Any CPU
		{BCCC15E8-4FDD-43F1-AACA-624102AFA58D}.Debug|Any CPU.ActiveCfg = Debug|Any CPU
		{BCCC15E8-4FDD-43F1-AACA-624102AFA58D}.Debug|Any CPU.Build.0 = Debug|Any CPU
		{BCCC15E8-4FDD-43F1-AACA-624102AFA58D}.Release|Any CPU.ActiveCfg = Release|Any CPU
		{BCCC15E8-4FDD-43F1-AACA-624102AFA58D}.Release|Any CPU.Build.0 = Release|Any CPU
		{970F4B00-9BEC-4F20-9A03-64B88CBDB72F}.Debug|Any CPU.ActiveCfg = Debug|Any CPU
		{970F4B00-9BEC-4F20-9A03-64B88CBDB72F}.Debug|Any CPU.Build.0 = Debug|Any CPU
		{970F4B00-9BEC-4F20-9A03-64B88CBDB72F}.Release|Any CPU.ActiveCfg = Release|Any CPU
		{970F4B00-9BEC-4F20-9A03-64B88CBDB72F}.Release|Any CPU.Build.0 = Release|Any CPU
		{E4F90F04-F343-426C-9BF0-46170D40E50F}.Debug|Any CPU.ActiveCfg = Debug|Any CPU
		{E4F90F04-F343-426C-9BF0-46170D40E50F}.Debug|Any CPU.Build.0 = Debug|Any CPU
		{E4F90F04-F343-426C-9BF0-46170D40E50F}.Release|Any CPU.ActiveCfg = Release|Any CPU
		{E4F90F04-F343-426C-9BF0-46170D40E50F}.Release|Any CPU.Build.0 = Release|Any CPU
	EndGlobalSection
	GlobalSection(SolutionProperties) = preSolution
		HideSolutionNode = FALSE
	EndGlobalSection
	GlobalSection(ExtensibilityGlobals) = postSolution
		SolutionGuid = {151E729E-6B16-403C-96CA-B3AEEE7964CA}
	EndGlobalSection
EndGlobal
